{
    "_readme": [
        "This file locks the dependencies of your project to a known state",
        "Read more about it at http://getcomposer.org/doc/01-basic-usage.md#composer-lock-the-lock-file",
        "This file is @generated automatically"
    ],
    "hash": "80286d64e2a0b2c6b6fa92c083a65c39",
    "packages": [
        {
            "name": "owasp/phprbac",
            "version": "2.0.0",
            "source": {
                "type": "git",
                "url": "https://github.com/OWASP/rbac.git",
                "reference": "1af904f69dcfc61f1a27c90fe8de2bfd574c1a71",
                "mirrors": [
                    {
                        "url": "/%package%/%normalizedUrl%.%type%",
                        "preferred": true
                    }
                ]
            },
            "dist": {
                "type": "zip",
                "url": "https://api.github.com/repos/OWASP/rbac/zipball/1af904f69dcfc61f1a27c90fe8de2bfd574c1a71",
                "reference": "1af904f69dcfc61f1a27c90fe8de2bfd574c1a71",
                "shasum": "",
                "mirrors": [
                    {
                        "url": "http://pkg.phpcomposer.com/repo/packagist/dists/%package%/%version%/%reference%.%type%",
                        "preferred": true
                    }
                ]
            },
            "type": "library",
            "autoload": {
                "psr-0": {
                    "PhpRbac": "PhpRbac/src"
                }
            },
            "notification-url": "https://packagist.org/downloads/",
            "license": [
                "CC-BY-SA-3.0"
            ],
            "authors": [
                {
                    "name": "AbiusX",
                    "email": "me@abiusx.com",
                    "homepage": "http://abiusx.com/",
                    "role": "Lead Developer"
                },
                {
                    "name": "Jesse Burns",
                    "email": "jesse.burns@alliancecms.com",
                    "homepage": "http://www.jbwebware.com",
                    "role": "Developer"
                }
            ],
            "description": "PHP-RBAC is the de-facto authorization library for PHP. It provides developers with NIST Level 2 Standard Role Based Access Control and more, in the fastest implementation yet.",
            "homepage": "http://phprbac.net/",
            "keywords": [
                "owasp",
                "rbac",
                "security"
            ],
            "time": "2014-03-14 13:39:52"
        },
        {
            "name": "phpmailer/phpmailer",
            "version": "dev-master",
            "source": {
                "type": "git",
                "url": "https://github.com/PHPMailer/PHPMailer.git",
                "reference": "50eac8739fe8e06fe0c91202a5b2b57279960834",
                "mirrors": [
                    {
                        "url": "/%package%/%normalizedUrl%.%type%",
                        "preferred": true
                    }
                ]
            },
            "dist": {
                "type": "zip",
                "url": "https://api.github.com/repos/PHPMailer/PHPMailer/zipball/50eac8739fe8e06fe0c91202a5b2b57279960834",
                "reference": "50eac8739fe8e06fe0c91202a5b2b57279960834",
                "shasum": "",
                "mirrors": [
                    {
                        "url": "http://pkg.phpcomposer.com/repo/packagist/dists/%package%/%version%/%reference%.%type%",
                        "preferred": true
                    }
                ]
            },
            "require": {
                "php": ">=5.0.0"
            },
            "require-dev": {
                "phpdocumentor/phpdocumentor": "*",
                "phpunit/phpunit": "4.3.*"
            },
            "type": "library",
            "autoload": {
                "classmap": [
                    "class.phpmailer.php",
                    "class.pop3.php",
                    "class.smtp.php"
                ]
            },
            "notification-url": "https://packagist.org/downloads/",
            "license": [
                "LGPL-2.1"
            ],
            "authors": [
                {
                    "name": "Jim Jagielski",
                    "email": "jimjag@gmail.com"
                },
                {
                    "name": "Marcus Bointon",
                    "email": "phpmailer@synchromedia.co.uk"
                },
                {
                    "name": "Andy Prevost",
                    "email": "codeworxtech@users.sourceforge.net"
                },
                {
                    "name": "Brent R. Matzelle"
                }
            ],
            "description": "PHPMailer is a full-featured email creation and transfer class for PHP",
            "time": "2015-03-25 18:22:55"
        },
        {
            "name": "phpoffice/phpexcel",
            "version": "1.8.0",
            "source": {
                "type": "git",
                "url": "https://github.com/PHPOffice/PHPExcel.git",
                "reference": "e69a5e4d0ffa7fb6f171859e0a04346e580df30b"
            },
            "dist": {
                "type": "zip",
                "url": "https://api.github.com/repos/PHPOffice/PHPExcel/zipball/e69a5e4d0ffa7fb6f171859e0a04346e580df30b",
                "reference": "e69a5e4d0ffa7fb6f171859e0a04346e580df30b",
                "shasum": ""
            },
            "require": {
                "ext-xml": "*",
                "ext-xmlwriter": "*",
                "php": ">=5.2.0"
            },
            "type": "library",
            "autoload": {
                "psr-0": {
                    "PHPExcel": "Classes/"
                }
            },
            "notification-url": "https://packagist.org/downloads/",
            "license": [
                "LGPL"
            ],
            "authors": [
                {
                    "name": "Maarten Balliauw",
                    "homepage": "http://blog.maartenballiauw.be"
                },
                {
                    "name": "Mark Baker"
                },
                {
                    "name": "Franck Lefevre",
                    "homepage": "http://blog.rootslabs.net"
                },
                {
                    "name": "Erik Tilt"
                }
            ],
            "description": "PHPExcel - OpenXML - Read, Create and Write Spreadsheet documents in PHP - Spreadsheet engine",
            "homepage": "http://phpexcel.codeplex.com",
            "keywords": [
                "OpenXML",
                "excel",
                "php",
                "spreadsheet",
                "xls",
                "xlsx"
            ],
            "time": "2014-03-02 15:22:49"
        },
        {
            "name": "twig/twig",
            "version": "v1.18.0",
            "source": {
                "type": "git",
                "url": "https://github.com/twigphp/Twig.git",
                "reference": "4cf7464348e7f9893a93f7096a90b73722be99cf",
                "mirrors": [
                    {
                        "url": "/%package%/%normalizedUrl%.%type%",
                        "preferred": true
                    }
                ]
            },
            "dist": {
                "type": "zip",
                "url": "https://api.github.com/repos/twigphp/Twig/zipball/4cf7464348e7f9893a93f7096a90b73722be99cf",
                "reference": "4cf7464348e7f9893a93f7096a90b73722be99cf",
                "shasum": "",
                "mirrors": [
                    {
                        "url": "http://pkg.phpcomposer.com/repo/packagist/dists/%package%/%version%/%reference%.%type%",
                        "preferred": true
                    }
                ]
            },
            "require": {
                "php": ">=5.2.4"
            },
            "type": "library",
            "extra": {
                "branch-alias": {
                    "dev-master": "1.18-dev"
                }
            },
            "autoload": {
                "psr-0": {
                    "Twig_": "lib/"
                }
            },
            "notification-url": "https://packagist.org/downloads/",
            "license": [
                "BSD-3-Clause"
            ],
            "authors": [
                {
                    "name": "Fabien Potencier",
                    "email": "fabien@symfony.com",
                    "homepage": "http://fabien.potencier.org",
                    "role": "Lead Developer"
                },
                {
                    "name": "Armin Ronacher",
                    "email": "armin.ronacher@active-4.com",
                    "role": "Project Founder"
                },
                {
                    "name": "Twig Team",
                    "homepage": "http://twig.sensiolabs.org/contributors",
                    "role": "Contributors"
                }
            ],
            "description": "Twig, the flexible, fast, and secure template language for PHP",
            "homepage": "http://twig.sensiolabs.org",
            "keywords": [
                "templating"
            ],
            "time": "2015-01-25 17:32:08"
        }
    ],
    "packages-dev": [],
    "aliases": [],
    "minimum-stability": "stable",
    "stability-flags": {
        "phpmailer/phpmailer": 20
    },
    "prefer-stable": false,
    "platform": {
        "php": ">=5.3.0"
    },
    "platform-dev": []
}
